
Microsoft Visual Studio Solution File, Format Version 12.00
# Visual Studio Version 17
VisualStudioVersion = 17.6.33801.468
MinimumVisualStudioVersion = 10.0.40219.1
Project("{FAE04EC0-301F-11D3-BF4B-00C04F79EFBC}") = "WilmerVRV_DataPrep", "WilmerVRV_DataPrep\WilmerVRV_DataPrep.csproj", "{5DD1B69B-F3C1-4DDB-BA74-08410D83D7EF}"
EndProject
Global
	GlobalSection(SolutionConfigurationPlatforms) = preSolution
		Debug|Any CPU = Debug|Any CPU
		Release|Any CPU = Release|Any CPU
	EndGlobalSection
	GlobalSection(ProjectConfigurationPlatforms) = postSolution
		{5DD1B69B-F3C1-4DDB-BA74-08410D83D7EF}.Debug|Any CPU.ActiveCfg = Debug|Any CPU
		{5DD1B69B-F3C1-4DDB-BA74-08410D83D7EF}.Debug|Any CPU.Build.0 = Debug|Any CPU
		{5DD1B69B-F3C1-4DDB-BA74-08410D83D7EF}.Release|Any CPU.ActiveCfg = Release|Any CPU
		{5DD1B69B-F3C1-4DDB-BA74-08410D83D7EF}.Release|Any CPU.Build.0 = Release|Any CPU
	EndGlobalSection
	GlobalSection(SolutionProperties) = preSolution
		HideSolutionNode = FALSE
	EndGlobalSection
	GlobalSection(ExtensibilityGlobals) = postSolution
		SolutionGuid = {1CDA129F-6DF4-4A8A-915F-E6EE1BD77957}
	EndGlobalSection
EndGlobal
